
Microsoft Visual Studio Solution File, Format Version 12.00
# Visual Studio Version 17
VisualStudioVersion = 17.7.34031.279
MinimumVisualStudioVersion = 10.0.40219.1
Project("{FAE04EC0-301F-11D3-BF4B-00C04F79EFBC}") = "Oef_17", "Oef_17.csproj", "{2B07F370-7A8B-4E9C-8FE8-7CD645F6F87C}"
EndProject
Global
	GlobalSection(SolutionConfigurationPlatforms) = preSolution
		Debug|Any CPU = Debug|Any CPU
		Release|Any CPU = Release|Any CPU
	EndGlobalSection
	GlobalSection(ProjectConfigurationPlatforms) = postSolution
		{2B07F370-7A8B-4E9C-8FE8-7CD645F6F87C}.Debug|Any CPU.ActiveCfg = Debug|Any CPU
		{2B07F370-7A8B-4E9C-8FE8-7CD645F6F87C}.Debug|Any CPU.Build.0 = Debug|Any CPU
		{2B07F370-7A8B-4E9C-8FE8-7CD645F6F87C}.Release|Any CPU.ActiveCfg = Release|Any CPU
		{2B07F370-7A8B-4E9C-8FE8-7CD645F6F87C}.Release|Any CPU.Build.0 = Release|Any CPU
	EndGlobalSection
	GlobalSection(SolutionProperties) = preSolution
		HideSolutionNode = FALSE
	EndGlobalSection
	GlobalSection(ExtensibilityGlobals) = postSolution
		SolutionGuid = {79C6EA61-FD2B-47E6-BF4C-7FCF7981434A}
	EndGlobalSection
EndGlobal
