
Microsoft Visual Studio Solution File, Format Version 12.00
# Visual Studio Version 17
VisualStudioVersion = 17.7.34009.444
MinimumVisualStudioVersion = 10.0.40219.1
Project("{FAE04EC0-301F-11D3-BF4B-00C04F79EFBC}") = "Oef_06", "Oef_06.csproj", "{0A0B570D-2754-4EC4-A4E7-AF8C9055871B}"
EndProject
Global
	GlobalSection(SolutionConfigurationPlatforms) = preSolution
		Debug|Any CPU = Debug|Any CPU
		Release|Any CPU = Release|Any CPU
	EndGlobalSection
	GlobalSection(ProjectConfigurationPlatforms) = postSolution
		{0A0B570D-2754-4EC4-A4E7-AF8C9055871B}.Debug|Any CPU.ActiveCfg = Debug|Any CPU
		{0A0B570D-2754-4EC4-A4E7-AF8C9055871B}.Debug|Any CPU.Build.0 = Debug|Any CPU
		{0A0B570D-2754-4EC4-A4E7-AF8C9055871B}.Release|Any CPU.ActiveCfg = Release|Any CPU
		{0A0B570D-2754-4EC4-A4E7-AF8C9055871B}.Release|Any CPU.Build.0 = Release|Any CPU
	EndGlobalSection
	GlobalSection(SolutionProperties) = preSolution
		HideSolutionNode = FALSE
	EndGlobalSection
	GlobalSection(ExtensibilityGlobals) = postSolution
		SolutionGuid = {8F7C5090-33FE-4498-842B-80FBD05029E2}
	EndGlobalSection
EndGlobal
