
Microsoft Visual Studio Solution File, Format Version 12.00
# Visual Studio Version 17
VisualStudioVersion = 17.8.34309.116
MinimumVisualStudioVersion = 10.0.40219.1
Project("{FAE04EC0-301F-11D3-BF4B-00C04F79EFBC}") = "test", "test.csproj", "{AD080E16-5AA0-4EE3-BEBF-EE16E3A03129}"
EndProject
Global
	GlobalSection(SolutionConfigurationPlatforms) = preSolution
		Debug|Any CPU = Debug|Any CPU
		Release|Any CPU = Release|Any CPU
	EndGlobalSection
	GlobalSection(ProjectConfigurationPlatforms) = postSolution
		{AD080E16-5AA0-4EE3-BEBF-EE16E3A03129}.Debug|Any CPU.ActiveCfg = Debug|Any CPU
		{AD080E16-5AA0-4EE3-BEBF-EE16E3A03129}.Debug|Any CPU.Build.0 = Debug|Any CPU
		{AD080E16-5AA0-4EE3-BEBF-EE16E3A03129}.Release|Any CPU.ActiveCfg = Release|Any CPU
		{AD080E16-5AA0-4EE3-BEBF-EE16E3A03129}.Release|Any CPU.Build.0 = Release|Any CPU
	EndGlobalSection
	GlobalSection(SolutionProperties) = preSolution
		HideSolutionNode = FALSE
	EndGlobalSection
	GlobalSection(ExtensibilityGlobals) = postSolution
		SolutionGuid = {A2DA7D65-543A-4CB0-AC20-171C84EF9229}
	EndGlobalSection
EndGlobal
