
Microsoft Visual Studio Solution File, Format Version 12.00
# Visual Studio Version 17
VisualStudioVersion = 17.7.34031.279
MinimumVisualStudioVersion = 10.0.40219.1
Project("{FAE04EC0-301F-11D3-BF4B-00C04F79EFBC}") = "Oef_30", "Oef_30.csproj", "{36F7CE10-F80A-4F21-A915-EBAE4E2C7A33}"
EndProject
Global
	GlobalSection(SolutionConfigurationPlatforms) = preSolution
		Debug|Any CPU = Debug|Any CPU
		Release|Any CPU = Release|Any CPU
	EndGlobalSection
	GlobalSection(ProjectConfigurationPlatforms) = postSolution
		{36F7CE10-F80A-4F21-A915-EBAE4E2C7A33}.Debug|Any CPU.ActiveCfg = Debug|Any CPU
		{36F7CE10-F80A-4F21-A915-EBAE4E2C7A33}.Debug|Any CPU.Build.0 = Debug|Any CPU
		{36F7CE10-F80A-4F21-A915-EBAE4E2C7A33}.Release|Any CPU.ActiveCfg = Release|Any CPU
		{36F7CE10-F80A-4F21-A915-EBAE4E2C7A33}.Release|Any CPU.Build.0 = Release|Any CPU
	EndGlobalSection
	GlobalSection(SolutionProperties) = preSolution
		HideSolutionNode = FALSE
	EndGlobalSection
	GlobalSection(ExtensibilityGlobals) = postSolution
		SolutionGuid = {65AEF68B-5635-4618-9BA5-AA08B6166B71}
	EndGlobalSection
EndGlobal
