
Microsoft Visual Studio Solution File, Format Version 12.00
# Visual Studio Version 17
VisualStudioVersion = 17.8.34309.116
MinimumVisualStudioVersion = 10.0.40219.1
Project("{FAE04EC0-301F-11D3-BF4B-00C04F79EFBC}") = "StreamsConsole", "StreamsConsole.csproj", "{BEF1C100-155D-4F9F-ABD4-126862831FDD}"
EndProject
Global
	GlobalSection(SolutionConfigurationPlatforms) = preSolution
		Debug|Any CPU = Debug|Any CPU
		Release|Any CPU = Release|Any CPU
	EndGlobalSection
	GlobalSection(ProjectConfigurationPlatforms) = postSolution
		{BEF1C100-155D-4F9F-ABD4-126862831FDD}.Debug|Any CPU.ActiveCfg = Debug|Any CPU
		{BEF1C100-155D-4F9F-ABD4-126862831FDD}.Debug|Any CPU.Build.0 = Debug|Any CPU
		{BEF1C100-155D-4F9F-ABD4-126862831FDD}.Release|Any CPU.ActiveCfg = Release|Any CPU
		{BEF1C100-155D-4F9F-ABD4-126862831FDD}.Release|Any CPU.Build.0 = Release|Any CPU
	EndGlobalSection
	GlobalSection(SolutionProperties) = preSolution
		HideSolutionNode = FALSE
	EndGlobalSection
	GlobalSection(ExtensibilityGlobals) = postSolution
		SolutionGuid = {D0E601F1-FA93-4943-AF45-0F6C64607F0B}
	EndGlobalSection
EndGlobal
