
Microsoft Visual Studio Solution File, Format Version 12.00
# Visual Studio Version 17
VisualStudioVersion = 17.7.34031.279
MinimumVisualStudioVersion = 10.0.40219.1
Project("{FAE04EC0-301F-11D3-BF4B-00C04F79EFBC}") = "Oef_22", "Oef_22.csproj", "{1763A525-935D-4712-AB4F-310A1D5BC771}"
EndProject
Global
	GlobalSection(SolutionConfigurationPlatforms) = preSolution
		Debug|Any CPU = Debug|Any CPU
		Release|Any CPU = Release|Any CPU
	EndGlobalSection
	GlobalSection(ProjectConfigurationPlatforms) = postSolution
		{1763A525-935D-4712-AB4F-310A1D5BC771}.Debug|Any CPU.ActiveCfg = Debug|Any CPU
		{1763A525-935D-4712-AB4F-310A1D5BC771}.Debug|Any CPU.Build.0 = Debug|Any CPU
		{1763A525-935D-4712-AB4F-310A1D5BC771}.Release|Any CPU.ActiveCfg = Release|Any CPU
		{1763A525-935D-4712-AB4F-310A1D5BC771}.Release|Any CPU.Build.0 = Release|Any CPU
	EndGlobalSection
	GlobalSection(SolutionProperties) = preSolution
		HideSolutionNode = FALSE
	EndGlobalSection
	GlobalSection(ExtensibilityGlobals) = postSolution
		SolutionGuid = {89717081-2B89-4011-B665-5863251504B3}
	EndGlobalSection
EndGlobal
