
Microsoft Visual Studio Solution File, Format Version 12.00
# Visual Studio Version 17
VisualStudioVersion = 17.9.34607.119
MinimumVisualStudioVersion = 10.0.40219.1
Project("{FAE04EC0-301F-11D3-BF4B-00C04F79EFBC}") = "MeerdereVenstersDemo", "MeerdereVenstersDemo.csproj", "{136654B6-E7D2-45FC-9AB8-EC98A2454A16}"
EndProject
Global
	GlobalSection(SolutionConfigurationPlatforms) = preSolution
		Debug|Any CPU = Debug|Any CPU
		Release|Any CPU = Release|Any CPU
	EndGlobalSection
	GlobalSection(ProjectConfigurationPlatforms) = postSolution
		{136654B6-E7D2-45FC-9AB8-EC98A2454A16}.Debug|Any CPU.ActiveCfg = Debug|Any CPU
		{136654B6-E7D2-45FC-9AB8-EC98A2454A16}.Debug|Any CPU.Build.0 = Debug|Any CPU
		{136654B6-E7D2-45FC-9AB8-EC98A2454A16}.Release|Any CPU.ActiveCfg = Release|Any CPU
		{136654B6-E7D2-45FC-9AB8-EC98A2454A16}.Release|Any CPU.Build.0 = Release|Any CPU
	EndGlobalSection
	GlobalSection(SolutionProperties) = preSolution
		HideSolutionNode = FALSE
	EndGlobalSection
	GlobalSection(ExtensibilityGlobals) = postSolution
		SolutionGuid = {0E5EB057-8E99-43B6-83C4-2F0A76B2DE42}
	EndGlobalSection
EndGlobal
