
Microsoft Visual Studio Solution File, Format Version 12.00
# Visual Studio Version 17
VisualStudioVersion = 17.8.34309.116
MinimumVisualStudioVersion = 10.0.40219.1
Project("{FAE04EC0-301F-11D3-BF4B-00C04F79EFBC}") = "ModuleList-ElkeType", "ModuleList-ElkeType.csproj", "{08922F52-074A-4439-9D49-57BDE48B46E0}"
EndProject
Global
	GlobalSection(SolutionConfigurationPlatforms) = preSolution
		Debug|Any CPU = Debug|Any CPU
		Release|Any CPU = Release|Any CPU
	EndGlobalSection
	GlobalSection(ProjectConfigurationPlatforms) = postSolution
		{08922F52-074A-4439-9D49-57BDE48B46E0}.Debug|Any CPU.ActiveCfg = Debug|Any CPU
		{08922F52-074A-4439-9D49-57BDE48B46E0}.Debug|Any CPU.Build.0 = Debug|Any CPU
		{08922F52-074A-4439-9D49-57BDE48B46E0}.Release|Any CPU.ActiveCfg = Release|Any CPU
		{08922F52-074A-4439-9D49-57BDE48B46E0}.Release|Any CPU.Build.0 = Release|Any CPU
	EndGlobalSection
	GlobalSection(SolutionProperties) = preSolution
		HideSolutionNode = FALSE
	EndGlobalSection
	GlobalSection(ExtensibilityGlobals) = postSolution
		SolutionGuid = {90CCA637-ABF0-46DB-BBE6-E23A2B14761D}
	EndGlobalSection
EndGlobal
