
Microsoft Visual Studio Solution File, Format Version 12.00
# Visual Studio Version 17
VisualStudioVersion = 17.8.34309.116
MinimumVisualStudioVersion = 10.0.40219.1
Project("{FAE04EC0-301F-11D3-BF4B-00C04F79EFBC}") = "DemoAdoNetDisconnected", "DemoAdoNetDisconnected.csproj", "{BCA1550A-6865-4161-9579-6F171DD600A7}"
EndProject
Global
	GlobalSection(SolutionConfigurationPlatforms) = preSolution
		Debug|Any CPU = Debug|Any CPU
		Release|Any CPU = Release|Any CPU
	EndGlobalSection
	GlobalSection(ProjectConfigurationPlatforms) = postSolution
		{BCA1550A-6865-4161-9579-6F171DD600A7}.Debug|Any CPU.ActiveCfg = Debug|Any CPU
		{BCA1550A-6865-4161-9579-6F171DD600A7}.Debug|Any CPU.Build.0 = Debug|Any CPU
		{BCA1550A-6865-4161-9579-6F171DD600A7}.Release|Any CPU.ActiveCfg = Release|Any CPU
		{BCA1550A-6865-4161-9579-6F171DD600A7}.Release|Any CPU.Build.0 = Release|Any CPU
	EndGlobalSection
	GlobalSection(SolutionProperties) = preSolution
		HideSolutionNode = FALSE
	EndGlobalSection
	GlobalSection(ExtensibilityGlobals) = postSolution
		SolutionGuid = {B49778A7-EDF1-4B5A-A8C6-51CF66D2C6C7}
	EndGlobalSection
EndGlobal
