
Microsoft Visual Studio Solution File, Format Version 12.00
# Visual Studio Version 17
VisualStudioVersion = 17.7.34009.444
MinimumVisualStudioVersion = 10.0.40219.1
Project("{FAE04EC0-301F-11D3-BF4B-00C04F79EFBC}") = "Oef_02", "Oef_02\Oef_02.csproj", "{EC13FD06-E763-4F51-82E4-8AB33956423D}"
EndProject
Global
	GlobalSection(SolutionConfigurationPlatforms) = preSolution
		Debug|Any CPU = Debug|Any CPU
		Release|Any CPU = Release|Any CPU
	EndGlobalSection
	GlobalSection(ProjectConfigurationPlatforms) = postSolution
		{EC13FD06-E763-4F51-82E4-8AB33956423D}.Debug|Any CPU.ActiveCfg = Debug|Any CPU
		{EC13FD06-E763-4F51-82E4-8AB33956423D}.Debug|Any CPU.Build.0 = Debug|Any CPU
		{EC13FD06-E763-4F51-82E4-8AB33956423D}.Release|Any CPU.ActiveCfg = Release|Any CPU
		{EC13FD06-E763-4F51-82E4-8AB33956423D}.Release|Any CPU.Build.0 = Release|Any CPU
	EndGlobalSection
	GlobalSection(SolutionProperties) = preSolution
		HideSolutionNode = FALSE
	EndGlobalSection
	GlobalSection(ExtensibilityGlobals) = postSolution
		SolutionGuid = {5C0F415E-4A69-4B01-9D9E-CF27BDE5A62E}
	EndGlobalSection
EndGlobal
