
Microsoft Visual Studio Solution File, Format Version 12.00
# Visual Studio Version 17
VisualStudioVersion = 17.8.34309.116
MinimumVisualStudioVersion = 10.0.40219.1
Project("{FAE04EC0-301F-11D3-BF4B-00C04F79EFBC}") = "Klasse Console", "Klasse Console.csproj", "{8C55737C-6C4D-4A45-8AEF-91254F6CBF0C}"
EndProject
Global
	GlobalSection(SolutionConfigurationPlatforms) = preSolution
		Debug|Any CPU = Debug|Any CPU
		Release|Any CPU = Release|Any CPU
	EndGlobalSection
	GlobalSection(ProjectConfigurationPlatforms) = postSolution
		{8C55737C-6C4D-4A45-8AEF-91254F6CBF0C}.Debug|Any CPU.ActiveCfg = Debug|Any CPU
		{8C55737C-6C4D-4A45-8AEF-91254F6CBF0C}.Debug|Any CPU.Build.0 = Debug|Any CPU
		{8C55737C-6C4D-4A45-8AEF-91254F6CBF0C}.Release|Any CPU.ActiveCfg = Release|Any CPU
		{8C55737C-6C4D-4A45-8AEF-91254F6CBF0C}.Release|Any CPU.Build.0 = Release|Any CPU
	EndGlobalSection
	GlobalSection(SolutionProperties) = preSolution
		HideSolutionNode = FALSE
	EndGlobalSection
	GlobalSection(ExtensibilityGlobals) = postSolution
		SolutionGuid = {CF36D26E-D74F-48B1-8473-DE5D4E8B2AB6}
	EndGlobalSection
EndGlobal
