
Microsoft Visual Studio Solution File, Format Version 12.00
# Visual Studio Version 17
VisualStudioVersion = 17.8.34309.116
MinimumVisualStudioVersion = 10.0.40219.1
Project("{FAE04EC0-301F-11D3-BF4B-00C04F79EFBC}") = "Klassdemo", "Klassdemo.csproj", "{B5C19240-CF53-46DD-9716-D9A18E11539E}"
EndProject
Global
	GlobalSection(SolutionConfigurationPlatforms) = preSolution
		Debug|Any CPU = Debug|Any CPU
		Release|Any CPU = Release|Any CPU
	EndGlobalSection
	GlobalSection(ProjectConfigurationPlatforms) = postSolution
		{B5C19240-CF53-46DD-9716-D9A18E11539E}.Debug|Any CPU.ActiveCfg = Debug|Any CPU
		{B5C19240-CF53-46DD-9716-D9A18E11539E}.Debug|Any CPU.Build.0 = Debug|Any CPU
		{B5C19240-CF53-46DD-9716-D9A18E11539E}.Release|Any CPU.ActiveCfg = Release|Any CPU
		{B5C19240-CF53-46DD-9716-D9A18E11539E}.Release|Any CPU.Build.0 = Release|Any CPU
	EndGlobalSection
	GlobalSection(SolutionProperties) = preSolution
		HideSolutionNode = FALSE
	EndGlobalSection
	GlobalSection(ExtensibilityGlobals) = postSolution
		SolutionGuid = {2D16A95F-DFAE-4C85-AFCD-4C8DCFF9D169}
	EndGlobalSection
EndGlobal
