
Microsoft Visual Studio Solution File, Format Version 12.00
# Visual Studio Version 17
VisualStudioVersion = 17.7.34031.279
MinimumVisualStudioVersion = 10.0.40219.1
Project("{FAE04EC0-301F-11D3-BF4B-00C04F79EFBC}") = "Oef_08", "Oef_08.csproj", "{AC7718AA-2422-45A0-A2B3-795B01671893}"
EndProject
Global
	GlobalSection(SolutionConfigurationPlatforms) = preSolution
		Debug|Any CPU = Debug|Any CPU
		Release|Any CPU = Release|Any CPU
	EndGlobalSection
	GlobalSection(ProjectConfigurationPlatforms) = postSolution
		{AC7718AA-2422-45A0-A2B3-795B01671893}.Debug|Any CPU.ActiveCfg = Debug|Any CPU
		{AC7718AA-2422-45A0-A2B3-795B01671893}.Debug|Any CPU.Build.0 = Debug|Any CPU
		{AC7718AA-2422-45A0-A2B3-795B01671893}.Release|Any CPU.ActiveCfg = Release|Any CPU
		{AC7718AA-2422-45A0-A2B3-795B01671893}.Release|Any CPU.Build.0 = Release|Any CPU
	EndGlobalSection
	GlobalSection(SolutionProperties) = preSolution
		HideSolutionNode = FALSE
	EndGlobalSection
	GlobalSection(ExtensibilityGlobals) = postSolution
		SolutionGuid = {7AAF8458-B7C2-46DB-A34B-37C7EED287F9}
	EndGlobalSection
EndGlobal
