
Microsoft Visual Studio Solution File, Format Version 12.00
# Visual Studio Version 17
VisualStudioVersion = 17.8.34309.116
MinimumVisualStudioVersion = 10.0.40219.1
Project("{FAE04EC0-301F-11D3-BF4B-00C04F79EFBC}") = "VoetbalManagerLibrary", "VoetbalManagerLibrary.csproj", "{8F382998-F06B-4641-A908-89EE32E30D10}"
EndProject
Global
	GlobalSection(SolutionConfigurationPlatforms) = preSolution
		Debug|Any CPU = Debug|Any CPU
		Release|Any CPU = Release|Any CPU
	EndGlobalSection
	GlobalSection(ProjectConfigurationPlatforms) = postSolution
		{8F382998-F06B-4641-A908-89EE32E30D10}.Debug|Any CPU.ActiveCfg = Debug|Any CPU
		{8F382998-F06B-4641-A908-89EE32E30D10}.Debug|Any CPU.Build.0 = Debug|Any CPU
		{8F382998-F06B-4641-A908-89EE32E30D10}.Release|Any CPU.ActiveCfg = Release|Any CPU
		{8F382998-F06B-4641-A908-89EE32E30D10}.Release|Any CPU.Build.0 = Release|Any CPU
	EndGlobalSection
	GlobalSection(SolutionProperties) = preSolution
		HideSolutionNode = FALSE
	EndGlobalSection
	GlobalSection(ExtensibilityGlobals) = postSolution
		SolutionGuid = {D44DFA2F-FD78-4BB0-B20F-D43DF1C0CC5D}
	EndGlobalSection
EndGlobal
